
Microsoft Visual Studio Solution File, Format Version 12.00
# Visual Studio Version 17
VisualStudioVersion = 17.9.34622.214
MinimumVisualStudioVersion = 10.0.40219.1
Project("{9A19103F-16F7-4668-BE54-9A1E7A4F7556}") = "UI", "UI\UI.csproj", "{19778838-61AE-46B5-8C3F-AF3F7642E3CF}"
EndProject
Project("{9A19103F-16F7-4668-BE54-9A1E7A4F7556}") = "Entities", "Entities\Entities.csproj", "{3A6926C6-F309-4F1F-AD4E-AD0C45F1E6A6}"
EndProject
Project("{9A19103F-16F7-4668-BE54-9A1E7A4F7556}") = "DAL", "DAL\DAL.csproj", "{EBFBCB51-D03B-4767-A496-5354457F2B80}"
EndProject
Project("{9A19103F-16F7-4668-BE54-9A1E7A4F7556}") = "API", "API\API.csproj", "{2A3CADAA-0C29-4E0F-B5E9-995D37ECA95F}"
EndProject
Project("{9A19103F-16F7-4668-BE54-9A1E7A4F7556}") = "DTO", "DTO\DTO.csproj", "{B7E4F571-060B-42EF-8276-DD1B0CDB0D01}"
EndProject
Project("{9A19103F-16F7-4668-BE54-9A1E7A4F7556}") = "Business", "Bussiness\Business.csproj", "{B3D6BF9B-C6EC-4AA4-8CB2-C1AE0B324FD1}"
EndProject
Project("{9A19103F-16F7-4668-BE54-9A1E7A4F7556}") = "Validation", "Validation\Validation.csproj", "{EB15F30B-772C-4FE3-940A-5EB0960B0410}"
EndProject
Project("{9A19103F-16F7-4668-BE54-9A1E7A4F7556}") = "Security", "Security\Security.csproj", "{C21C3D42-BF04-4EC0-BD7F-C22547D9705C}"
EndProject
Global
	GlobalSection(SolutionConfigurationPlatforms) = preSolution
		Debug|Any CPU = Debug|Any CPU
		Release|Any CPU = Release|Any CPU
	EndGlobalSection
	GlobalSection(ProjectConfigurationPlatforms) = postSolution
		{19778838-61AE-46B5-8C3F-AF3F7642E3CF}.Debug|Any CPU.ActiveCfg = Debug|Any CPU
		{19778838-61AE-46B5-8C3F-AF3F7642E3CF}.Debug|Any CPU.Build.0 = Debug|Any CPU
		{19778838-61AE-46B5-8C3F-AF3F7642E3CF}.Release|Any CPU.ActiveCfg = Release|Any CPU
		{19778838-61AE-46B5-8C3F-AF3F7642E3CF}.Release|Any CPU.Build.0 = Release|Any CPU
		{3A6926C6-F309-4F1F-AD4E-AD0C45F1E6A6}.Debug|Any CPU.ActiveCfg = Debug|Any CPU
		{3A6926C6-F309-4F1F-AD4E-AD0C45F1E6A6}.Debug|Any CPU.Build.0 = Debug|Any CPU
		{3A6926C6-F309-4F1F-AD4E-AD0C45F1E6A6}.Release|Any CPU.ActiveCfg = Release|Any CPU
		{3A6926C6-F309-4F1F-AD4E-AD0C45F1E6A6}.Release|Any CPU.Build.0 = Release|Any CPU
		{EBFBCB51-D03B-4767-A496-5354457F2B80}.Debug|Any CPU.ActiveCfg = Debug|Any CPU
		{EBFBCB51-D03B-4767-A496-5354457F2B80}.Debug|Any CPU.Build.0 = Debug|Any CPU
		{EBFBCB51-D03B-4767-A496-5354457F2B80}.Release|Any CPU.ActiveCfg = Release|Any CPU
		{EBFBCB51-D03B-4767-A496-5354457F2B80}.Release|Any CPU.Build.0 = Release|Any CPU
		{2A3CADAA-0C29-4E0F-B5E9-995D37ECA95F}.Debug|Any CPU.ActiveCfg = Debug|Any CPU
		{2A3CADAA-0C29-4E0F-B5E9-995D37ECA95F}.Debug|Any CPU.Build.0 = Debug|Any CPU
		{2A3CADAA-0C29-4E0F-B5E9-995D37ECA95F}.Release|Any CPU.ActiveCfg = Release|Any CPU
		{2A3CADAA-0C29-4E0F-B5E9-995D37ECA95F}.Release|Any CPU.Build.0 = Release|Any CPU
		{B7E4F571-060B-42EF-8276-DD1B0CDB0D01}.Debug|Any CPU.ActiveCfg = Debug|Any CPU
		{B7E4F571-060B-42EF-8276-DD1B0CDB0D01}.Debug|Any CPU.Build.0 = Debug|Any CPU
		{B7E4F571-060B-42EF-8276-DD1B0CDB0D01}.Release|Any CPU.ActiveCfg = Release|Any CPU
		{B7E4F571-060B-42EF-8276-DD1B0CDB0D01}.Release|Any CPU.Build.0 = Release|Any CPU
		{B3D6BF9B-C6EC-4AA4-8CB2-C1AE0B324FD1}.Debug|Any CPU.ActiveCfg = Debug|Any CPU
		{B3D6BF9B-C6EC-4AA4-8CB2-C1AE0B324FD1}.Debug|Any CPU.Build.0 = Debug|Any CPU
		{B3D6BF9B-C6EC-4AA4-8CB2-C1AE0B324FD1}.Release|Any CPU.ActiveCfg = Release|Any CPU
		{B3D6BF9B-C6EC-4AA4-8CB2-C1AE0B324FD1}.Release|Any CPU.Build.0 = Release|Any CPU
		{EB15F30B-772C-4FE3-940A-5EB0960B0410}.Debug|Any CPU.ActiveCfg = Debug|Any CPU
		{EB15F30B-772C-4FE3-940A-5EB0960B0410}.Debug|Any CPU.Build.0 = Debug|Any CPU
		{EB15F30B-772C-4FE3-940A-5EB0960B0410}.Release|Any CPU.ActiveCfg = Release|Any CPU
		{EB15F30B-772C-4FE3-940A-5EB0960B0410}.Release|Any CPU.Build.0 = Release|Any CPU
		{C21C3D42-BF04-4EC0-BD7F-C22547D9705C}.Debug|Any CPU.ActiveCfg = Debug|Any CPU
		{C21C3D42-BF04-4EC0-BD7F-C22547D9705C}.Debug|Any CPU.Build.0 = Debug|Any CPU
		{C21C3D42-BF04-4EC0-BD7F-C22547D9705C}.Release|Any CPU.ActiveCfg = Release|Any CPU
		{C21C3D42-BF04-4EC0-BD7F-C22547D9705C}.Release|Any CPU.Build.0 = Release|Any CPU
	EndGlobalSection
	GlobalSection(SolutionProperties) = preSolution
		HideSolutionNode = FALSE
	EndGlobalSection
	GlobalSection(ExtensibilityGlobals) = postSolution
		SolutionGuid = {90C861D7-9AF8-4C9C-B75D-42FAF5D88737}
	EndGlobalSection
EndGlobal
